<Solution>
    <Folder Name="/src/">
        <Project
            Path="src/RockSolid.Foundation.Modeling.AspNetCore/RockSolid.Foundation.Modeling.AspNetCore.csproj" />
        <Project Path="src/RockSolid.Foundation.Modeling/RockSolid.Foundation.Modeling.csproj" />
    </Folder>
    <Folder Name="/tests/">
        <Project
            Path="tests/RockSolid.Foundation.Modeling.Tests/RockSolid.Foundation.Modeling.Tests.csproj" />
    </Folder>
</Solution>